# This file is automatically @generated by Cargo.
# It is not intended for manual editing.
version = 3

[[package]]
name = "cross"
version = "0.0.0"

[[package]]
name = "desktop-a"
version = "0.0.0"

[[package]]
name = "desktop-b"
version = "0.0.0"

[[package]]
name = "linux"
version = "0.0.0"

[[package]]
name = "mac"
version = "0.0.0"

[[package]]
name = "wasm"
version = "0.0.0"

[[package]]
name = "windows"
version = "0.0.0"
